
Microsoft Visual Studio Solution File, Format Version 12.00
# Visual Studio Version 17
VisualStudioVersion = 17.8.34330.188
MinimumVisualStudioVersion = 10.0.40219.1
Project("{9A19103F-16F7-4668-BE54-9A1E7A4F7556}") = "TrailBlazorServerApp", "TrailBlazorServerApp\TrailBlazorServerApp.csproj", "{308829EA-4E5A-426A-87DA-EE91CD00A211}"
EndProject
Global
	GlobalSection(SolutionConfigurationPlatforms) = preSolution
		Debug|Any CPU = Debug|Any CPU
		Release|Any CPU = Release|Any CPU
	EndGlobalSection
	GlobalSection(ProjectConfigurationPlatforms) = postSolution
		{308829EA-4E5A-426A-87DA-EE91CD00A211}.Debug|Any CPU.ActiveCfg = Debug|Any CPU
		{308829EA-4E5A-426A-87DA-EE91CD00A211}.Debug|Any CPU.Build.0 = Debug|Any CPU
		{308829EA-4E5A-426A-87DA-EE91CD00A211}.Release|Any CPU.ActiveCfg = Release|Any CPU
		{308829EA-4E5A-426A-87DA-EE91CD00A211}.Release|Any CPU.Build.0 = Release|Any CPU
	EndGlobalSection
	GlobalSection(SolutionProperties) = preSolution
		HideSolutionNode = FALSE
	EndGlobalSection
	GlobalSection(ExtensibilityGlobals) = postSolution
		SolutionGuid = {B23AFBB7-6880-476D-88D2-96BA3561ED72}
	EndGlobalSection
EndGlobal
